
Microsoft Visual Studio Solution File, Format Version 12.00
# Visual Studio Version 17
VisualStudioVersion = 17.13.35818.85
MinimumVisualStudioVersion = 10.0.40219.1
Project("{2150E333-8FDC-42A3-9474-1A3956D46DE8}") = "src", "src", "{02EA681E-C7D8-13C7-8484-4AC65E1B71E8}"
EndProject
Project("{2150E333-8FDC-42A3-9474-1A3956D46DE8}") = "tests", "tests", "{088692C2-4768-4304-838A-BEADBF6BF63E}"
EndProject
Project("{2150E333-8FDC-42A3-9474-1A3956D46DE8}") = "example", "example", "{3BFD4258-F229-4FA0-A91E-BF7C281B26FA}"
EndProject
Project("{FAE04EC0-301F-11D3-BF4B-00C04F79EFBC}") = "RoMock.Example.App", "example\RoMock.Example.App\RoMock.Example.App.csproj", "{201C8B45-1861-47B2-8B3F-EE2672BE8C9B}"
EndProject
Project("{FAE04EC0-301F-11D3-BF4B-00C04F79EFBC}") = "RoMock.UnitTests", "tests\RoMock.UnitTests\RoMock.UnitTests.csproj", "{0F2736DB-5C39-4EC1-BDDB-E256BCCC94E2}"
EndProject
Project("{FAE04EC0-301F-11D3-BF4B-00C04F79EFBC}") = "RoMock.Library", "src\RoMock.Library\RoMock.Library.csproj", "{4E16A2EA-3B0B-44ED-9BED-5A23BD88A63A}"
EndProject
Global
	GlobalSection(SolutionConfigurationPlatforms) = preSolution
		Debug|Any CPU = Debug|Any CPU
		Release|Any CPU = Release|Any CPU
	EndGlobalSection
	GlobalSection(ProjectConfigurationPlatforms) = postSolution
		{201C8B45-1861-47B2-8B3F-EE2672BE8C9B}.Debug|Any CPU.ActiveCfg = Debug|Any CPU
		{201C8B45-1861-47B2-8B3F-EE2672BE8C9B}.Debug|Any CPU.Build.0 = Debug|Any CPU
		{201C8B45-1861-47B2-8B3F-EE2672BE8C9B}.Debug|Any CPU.Deploy.0 = Debug|Any CPU
		{201C8B45-1861-47B2-8B3F-EE2672BE8C9B}.Release|Any CPU.ActiveCfg = Release|Any CPU
		{201C8B45-1861-47B2-8B3F-EE2672BE8C9B}.Release|Any CPU.Build.0 = Release|Any CPU
		{201C8B45-1861-47B2-8B3F-EE2672BE8C9B}.Release|Any CPU.Deploy.0 = Release|Any CPU
		{0F2736DB-5C39-4EC1-BDDB-E256BCCC94E2}.Debug|Any CPU.ActiveCfg = Debug|Any CPU
		{0F2736DB-5C39-4EC1-BDDB-E256BCCC94E2}.Debug|Any CPU.Build.0 = Debug|Any CPU
		{0F2736DB-5C39-4EC1-BDDB-E256BCCC94E2}.Release|Any CPU.ActiveCfg = Release|Any CPU
		{0F2736DB-5C39-4EC1-BDDB-E256BCCC94E2}.Release|Any CPU.Build.0 = Release|Any CPU
		{4E16A2EA-3B0B-44ED-9BED-5A23BD88A63A}.Debug|Any CPU.ActiveCfg = Debug|Any CPU
		{4E16A2EA-3B0B-44ED-9BED-5A23BD88A63A}.Debug|Any CPU.Build.0 = Debug|Any CPU
		{4E16A2EA-3B0B-44ED-9BED-5A23BD88A63A}.Release|Any CPU.ActiveCfg = Release|Any CPU
		{4E16A2EA-3B0B-44ED-9BED-5A23BD88A63A}.Release|Any CPU.Build.0 = Release|Any CPU
	EndGlobalSection
	GlobalSection(SolutionProperties) = preSolution
		HideSolutionNode = FALSE
	EndGlobalSection
	GlobalSection(NestedProjects) = preSolution
		{201C8B45-1861-47B2-8B3F-EE2672BE8C9B} = {3BFD4258-F229-4FA0-A91E-BF7C281B26FA}
		{0F2736DB-5C39-4EC1-BDDB-E256BCCC94E2} = {088692C2-4768-4304-838A-BEADBF6BF63E}
		{4E16A2EA-3B0B-44ED-9BED-5A23BD88A63A} = {02EA681E-C7D8-13C7-8484-4AC65E1B71E8}
	EndGlobalSection
	GlobalSection(ExtensibilityGlobals) = postSolution
		SolutionGuid = {39961470-A0E6-47BE-B35E-F5ECFC6AE36F}
	EndGlobalSection
EndGlobal
